# This file is generated by running "yarn install" inside your project.
# Manual changes might be lost - proceed with caution!

__metadata:
  version: 6
  cacheKey: 8

"@charlietango/use-native-lazy-loading@npm:1.9.0":
  version: 1.9.0
  resolution: "@charlietango/use-native-lazy-loading@npm:1.9.0::__archiveUrl=https%3A%2F%2Fregistry.npmjs.org%2F%40charlietango%2Fuse-native-lazy-loading%2F-%2Fuse-native-lazy-loading-1.9.0.tgz"
  peerDependencies:
    react: ">=16.8.0"
    react-dom: ">=16.8.0"
  checksum: 8aa167ec1cdbee7fef66ca22c4fa36c30eb2486ada1c509989ae9742d5f955337d65ac983fe44d46809fa6578cebbb44e5e43e91b6d8d128f44d5e5ed8a33eb5
  languageName: node
  linkType: hard

"@outside-interactive/style-dictionaries.js-tokens@npm:0.0.13":
  version: 0.0.13
  resolution: "@outside-interactive/style-dictionaries.js-tokens@npm:0.0.13::__archiveUrl=https%3A%2F%2Fnode.bit.dev%2F%40outside-interactive%2Fstyle-dictionaries.js-tokens%2F-%2F%40outside-interactive-style-dictionaries.js-tokens-0.0.13.tgz"
  checksum: dad868bb4a139fa9ddf1ae228b9abf08e895a5f5ac03153657d0bafaa6116fc03750d31ee9dd6c1c8e6bed18629ff693b855f0fda75222cfac3368fa8bf85fc5
  languageName: node
  linkType: hard

"js-tokens@npm:^3.0.0 || ^4.0.0":
  version: 4.0.0
  resolution: "js-tokens@npm:4.0.0::__archiveUrl=https%3A%2F%2Fregistry.npmjs.org%2Fjs-tokens%2F-%2Fjs-tokens-4.0.0.tgz"
  checksum: 8a95213a5a77deb6cbe94d86340e8d9ace2b93bc367790b260101d2f36a2eaf4e4e22d9fa9cf459b38af3a32fb4190e638024cf82ec95ef708680e405ea7cc78
  languageName: node
  linkType: hard

"lodash.kebabcase@npm:4.1.1":
  version: 4.1.1
  resolution: "lodash.kebabcase@npm:4.1.1::__archiveUrl=https%3A%2F%2Fregistry.npmjs.org%2Flodash.kebabcase%2F-%2Flodash.kebabcase-4.1.1.tgz"
  checksum: 5a6c59161914e1bae23438a298c7433e83d935e0f59853fa862e691164696bc07f6dfa4c313d499fbf41ba8d53314e9850416502376705a357d24ee6ca33af78
  languageName: node
  linkType: hard

"loose-envify@npm:^1.1.0":
  version: 1.4.0
  resolution: "loose-envify@npm:1.4.0::__archiveUrl=https%3A%2F%2Fregistry.npmjs.org%2Floose-envify%2F-%2Floose-envify-1.4.0.tgz"
  dependencies:
    js-tokens: ^3.0.0 || ^4.0.0
  bin:
    loose-envify: cli.js
  checksum: 6517e24e0cad87ec9888f500c5b5947032cdfe6ef65e1c1936a0c48a524b81e65542c9c3edc91c97d5bddc806ee2a985dbc79be89215d613b1de5db6d1cfe6f4
  languageName: node
  linkType: hard

"object-assign@npm:^4.1.1":
  version: 4.1.1
  resolution: "object-assign@npm:4.1.1::__archiveUrl=https%3A%2F%2Fregistry.npmjs.org%2Fobject-assign%2F-%2Fobject-assign-4.1.1.tgz"
  checksum: fcc6e4ea8c7fe48abfbb552578b1c53e0d194086e2e6bbbf59e0a536381a292f39943c6e9628af05b5528aa5e3318bb30d6b2e53cadaf5b8fe9e12c4b69af23f
  languageName: node
  linkType: hard

"react-dom@npm:17.0.2":
  version: 17.0.2
  resolution: "react-dom@npm:17.0.2::__archiveUrl=https%3A%2F%2Fregistry.npmjs.org%2Freact-dom%2F-%2Freact-dom-17.0.2.tgz"
  dependencies:
    loose-envify: ^1.1.0
    object-assign: ^4.1.1
    scheduler: ^0.20.2
  peerDependencies:
    react: 17.0.2
  checksum: 1c1eaa3bca7c7228d24b70932e3d7c99e70d1d04e13bb0843bbf321582bc25d7961d6b8a6978a58a598af2af496d1cedcfb1bf65f6b0960a0a8161cb8dab743c
  languageName: node
  linkType: hard

"react-intersection-observer@npm:8.33.1":
  version: 8.33.1
  resolution: "react-intersection-observer@npm:8.33.1::__archiveUrl=https%3A%2F%2Fregistry.npmjs.org%2Freact-intersection-observer%2F-%2Freact-intersection-observer-8.33.1.tgz"
  peerDependencies:
    react: ^15.0.0 || ^16.0.0 || ^17.0.0|| ^18.0.0
  checksum: 5feb0df01dd64f1fa0b8300fb4fc12db95350c1ae2514f66f0652371f65e5501758a662746000dc2584d24dcce07139590e5375d6c9920a60b282af83468d0c4
  languageName: node
  linkType: hard

"react@npm:17.0.2":
  version: 17.0.2
  resolution: "react@npm:17.0.2::__archiveUrl=https%3A%2F%2Fregistry.npmjs.org%2Freact%2F-%2Freact-17.0.2.tgz"
  dependencies:
    loose-envify: ^1.1.0
    object-assign: ^4.1.1
  checksum: b254cc17ce3011788330f7bbf383ab653c6848902d7936a87b09d835d091e3f295f7e9dd1597c6daac5dc80f90e778c8230218ba8ad599f74adcc11e33b9d61b
  languageName: node
  linkType: hard

"root-workspace-0b6124@workspace:.":
  version: 0.0.0-use.local
  resolution: "root-workspace-0b6124@workspace:."
  dependencies:
    "@charlietango/use-native-lazy-loading": 1.9.0
    "@outside-interactive/style-dictionaries.js-tokens": 0.0.13
    lodash.kebabcase: 4.1.1
    react: 17.0.2
    react-dom: 17.0.2
    react-intersection-observer: 8.33.1
  peerDependencies:
    react: 17.0.2
    react-dom: 17.0.2
  languageName: unknown
  linkType: soft

"scheduler@npm:^0.20.2":
  version: 0.20.2
  resolution: "scheduler@npm:0.20.2::__archiveUrl=https%3A%2F%2Fregistry.npmjs.org%2Fscheduler%2F-%2Fscheduler-0.20.2.tgz"
  dependencies:
    loose-envify: ^1.1.0
    object-assign: ^4.1.1
  checksum: c4b35cf967c8f0d3e65753252d0f260271f81a81e427241295c5a7b783abf4ea9e905f22f815ab66676f5313be0a25f47be582254db8f9241b259213e999b8fc
  languageName: node
  linkType: hard
